// !$*UTF8*$!
{
	archiveVersion = 1;
	classes = {
	};
	objectVersion = 50;
	objects = {

/* Begin PBXBuildFile section */
		20A6108E260447F90033E3B5 /* NewNoteViewController.swift in Sources */ = {isa = PBXBuildFile; fileRef = 20A6108D260447F90033E3B5 /* NewNoteViewController.swift */; };
		20C22AF72604393300B67E8C /* AppDelegate.swift in Sources */ = {isa = PBXBuildFile; fileRef = 20C22AF62604393300B67E8C /* AppDelegate.swift */; };
		20C22AF92604393300B67E8C /* SceneDelegate.swift in Sources */ = {isa = PBXBuildFile; fileRef = 20C22AF82604393300B67E8C /* SceneDelegate.swift */; };
		20C22AFE2604393300B67E8C /* Main.storyboard in Resources */ = {isa = PBXBuildFile; fileRef = 20C22AFC2604393300B67E8C /* Main.storyboard */; };
		20C22B012604393300B67E8C /* Note.xcdatamodeld in Sources */ = {isa = PBXBuildFile; fileRef = 20C22AFF2604393300B67E8C /* Note.xcdatamodeld */; };
		20C22B032604393400B67E8C /* Assets.xcassets in Resources */ = {isa = PBXBuildFile; fileRef = 20C22B022604393400B67E8C /* Assets.xcassets */; };
		20C22B062604393400B67E8C /* LaunchScreen.storyboard in Resources */ = {isa = PBXBuildFile; fileRef = 20C22B042604393400B67E8C /* LaunchScreen.storyboard */; };
		20C22B10260439AE00B67E8C /* DataManager.swift in Sources */ = {isa = PBXBuildFile; fileRef = 20C22B0F260439AE00B67E8C /* DataManager.swift */; };
		20C22B14260439EB00B67E8C /* MainViewController.swift in Sources */ = {isa = PBXBuildFile; fileRef = 20C22B13260439EB00B67E8C /* MainViewController.swift */; };
/* End PBXBuildFile section */

/* Begin PBXFileReference section */
		20A6108D260447F90033E3B5 /* NewNoteViewController.swift */ = {isa = PBXFileReference; lastKnownFileType = sourcecode.swift; path = NewNoteViewController.swift; sourceTree = "<group>"; };
		20C22AF32604393300B67E8C /* Notes(CFTv4).app */ = {isa = PBXFileReference; explicitFileType = wrapper.application; includeInIndex = 0; path = "Notes(CFTv4).app"; sourceTree = BUILT_PRODUCTS_DIR; };
		20C22AF62604393300B67E8C /* AppDelegate.swift */ = {isa = PBXFileReference; lastKnownFileType = sourcecode.swift; path = AppDelegate.swift; sourceTree = "<group>"; };
		20C22AF82604393300B67E8C /* SceneDelegate.swift */ = {isa = PBXFileReference; lastKnownFileType = sourcecode.swift; path = SceneDelegate.swift; sourceTree = "<group>"; };
		20C22AFD2604393300B67E8C /* Base */ = {isa = PBXFileReference; lastKnownFileType = file.storyboard; name = Base; path = Base.lproj/Main.storyboard; sourceTree = "<group>"; };
		20C22B002604393300B67E8C /* Notes_CFTv4_.xcdatamodel */ = {isa = PBXFileReference; lastKnownFileType = wrapper.xcdatamodel; path = Notes_CFTv4_.xcdatamodel; sourceTree = "<group>"; };
		20C22B022604393400B67E8C /* Assets.xcassets */ = {isa = PBXFileReference; lastKnownFileType = folder.assetcatalog; path = Assets.xcassets; sourceTree = "<group>"; };
		20C22B052604393400B67E8C /* Base */ = {isa = PBXFileReference; lastKnownFileType = file.storyboard; name = Base; path = Base.lproj/LaunchScreen.storyboard; sourceTree = "<group>"; };
		20C22B072604393400B67E8C /* Info.plist */ = {isa = PBXFileReference; lastKnownFileType = text.plist.xml; path = Info.plist; sourceTree = "<group>"; };
		20C22B0F260439AE00B67E8C /* DataManager.swift */ = {isa = PBXFileReference; lastKnownFileType = sourcecode.swift; path = DataManager.swift; sourceTree = "<group>"; };
		20C22B13260439EB00B67E8C /* MainViewController.swift */ = {isa = PBXFileReference; lastKnownFileType = sourcecode.swift; path = MainViewController.swift; sourceTree = "<group>"; };
/* End PBXFileReference section */

/* Begin PBXFrameworksBuildPhase section */
		20C22AF02604393300B67E8C /* Frameworks */ = {
			isa = PBXFrameworksBuildPhase;
			buildActionMask = 2147483647;
			files = (
			);
			runOnlyForDeploymentPostprocessing = 0;
		};
/* End PBXFrameworksBuildPhase section */

/* Begin PBXGroup section */
		20A61095260484B50033E3B5 /* Model */ = {
			isa = PBXGroup;
			children = (
				20C22B0F260439AE00B67E8C /* DataManager.swift */,
				20C22AFF2604393300B67E8C /* Note.xcdatamodeld */,
			);
			path = Model;
			sourceTree = "<group>";
		};
		20A61098260484C50033E3B5 /* View */ = {
			isa = PBXGroup;
			children = (
				20C22AFC2604393300B67E8C /* Main.storyboard */,
			);
			path = View;
			sourceTree = "<group>";
		};
		20A6109A260484EE0033E3B5 /* Controllers */ = {
			isa = PBXGroup;
			children = (
				20C22B13260439EB00B67E8C /* MainViewController.swift */,
				20A6108D260447F90033E3B5 /* NewNoteViewController.swift */,
			);
			path = Controllers;
			sourceTree = "<group>";
		};
		20C22AEA2604393300B67E8C = {
			isa = PBXGroup;
			children = (
				20C22AF52604393300B67E8C /* Notes(CFTv4) */,
				20C22AF42604393300B67E8C /* Products */,
			);
			sourceTree = "<group>";
		};
		20C22AF42604393300B67E8C /* Products */ = {
			isa = PBXGroup;
			children = (
				20C22AF32604393300B67E8C /* Notes(CFTv4).app */,
			);
			name = Products;
			sourceTree = "<group>";
		};
		20C22AF52604393300B67E8C /* Notes(CFTv4) */ = {
			isa = PBXGroup;
			children = (
				20A61095260484B50033E3B5 /* Model */,
				20A61098260484C50033E3B5 /* View */,
				20A6109A260484EE0033E3B5 /* Controllers */,
				20C22AF62604393300B67E8C /* AppDelegate.swift */,
				20C22AF82604393300B67E8C /* SceneDelegate.swift */,
				20C22B022604393400B67E8C /* Assets.xcassets */,
				20C22B042604393400B67E8C /* LaunchScreen.storyboard */,
				20C22B072604393400B67E8C /* Info.plist */,
			);
			path = "Notes(CFTv4)";
			sourceTree = "<group>";
		};
/* End PBXGroup section */

/* Begin PBXNativeTarget section */
		20C22AF22604393300B67E8C /* Notes(CFTv4) */ = {
			isa = PBXNativeTarget;
			buildConfigurationList = 20C22B0A2604393400B67E8C /* Build configuration list for PBXNativeTarget "Notes(CFTv4)" */;
			buildPhases = (
				20C22AEF2604393300B67E8C /* Sources */,
				20C22AF02604393300B67E8C /* Frameworks */,
				20C22AF12604393300B67E8C /* Resources */,
			);
			buildRules = (
			);
			dependencies = (
			);
			name = "Notes(CFTv4)";
			productName = "Notes(CFTv4)";
			productReference = 20C22AF32604393300B67E8C /* Notes(CFTv4).app */;
			productType = "com.apple.product-type.application";
		};
/* End PBXNativeTarget section */

/* Begin PBXProject section */
		20C22AEB2604393300B67E8C /* Project object */ = {
			isa = PBXProject;
			attributes = {
				LastSwiftUpdateCheck = 1240;
				LastUpgradeCheck = 1240;
				TargetAttributes = {
					20C22AF22604393300B67E8C = {
						CreatedOnToolsVersion = 12.4;
					};
				};
			};
			buildConfigurationList = 20C22AEE2604393300B67E8C /* Build configuration list for PBXProject "Notes(CFTv4)" */;
			compatibilityVersion = "Xcode 9.3";
			developmentRegion = en;
			hasScannedForEncodings = 0;
			knownRegions = (
				en,
				Base,
			);
			mainGroup = 20C22AEA2604393300B67E8C;
			productRefGroup = 20C22AF42604393300B67E8C /* Products */;
			projectDirPath = "";
			projectRoot = "";
			targets = (
				20C22AF22604393300B67E8C /* Notes(CFTv4) */,
			);
		};
/* End PBXProject section */

/* Begin PBXResourcesBuildPhase section */
		20C22AF12604393300B67E8C /* Resources */ = {
			isa = PBXResourcesBuildPhase;
			buildActionMask = 2147483647;
			files = (
				20C22B062604393400B67E8C /* LaunchScreen.storyboard in Resources */,
				20C22B032604393400B67E8C /* Assets.xcassets in Resources */,
				20C22AFE2604393300B67E8C /* Main.storyboard in Resources */,
			);
			runOnlyForDeploymentPostprocessing = 0;
		};
/* End PBXResourcesBuildPhase section */

/* Begin PBXSourcesBuildPhase section */
		20C22AEF2604393300B67E8C /* Sources */ = {
			isa = PBXSourcesBuildPhase;
			buildActionMask = 2147483647;
			files = (
				20C22B10260439AE00B67E8C /* DataManager.swift in Sources */,
				20C22AF72604393300B67E8C /* AppDelegate.swift in Sources */,
				20C22AF92604393300B67E8C /* SceneDelegate.swift in Sources */,
				20C22B012604393300B67E8C /* Note.xcdatamodeld in Sources */,
				20C22B14260439EB00B67E8C /* MainViewController.swift in Sources */,
				20A6108E260447F90033E3B5 /* NewNoteViewController.swift in Sources */,
			);
			runOnlyForDeploymentPostprocessing = 0;
		};
/* End PBXSourcesBuildPhase section */

/* Begin PBXVariantGroup section */
		20C22AFC2604393300B67E8C /* Main.storyboard */ = {
			isa = PBXVariantGroup;
			children = (
				20C22AFD2604393300B67E8C /* Base */,
			);
			name = Main.storyboard;
			sourceTree = "<group>";
		};
		20C22B042604393400B67E8C /* LaunchScreen.storyboard */ = {
			isa = PBXVariantGroup;
			children = (
				20C22B052604393400B67E8C /* Base */,
			);
			name = LaunchScreen.storyboard;
			sourceTree = "<group>";
		};
/* End PBXVariantGroup section */

/* Begin XCBuildConfiguration section */
		20C22B082604393400B67E8C /* Debug */ = {
			isa = XCBuildConfiguration;
			buildSettings = {
				ALWAYS_SEARCH_USER_PATHS = NO;
				CLANG_ANALYZER_NONNULL = YES;
				CLANG_ANALYZER_NUMBER_OBJECT_CONVERSION = YES_AGGRESSIVE;
				CLANG_CXX_LANGUAGE_STANDARD = "gnu++14";
				CLANG_CXX_LIBRARY = "libc++";
				CLANG_ENABLE_MODULES = YES;
				CLANG_ENABLE_OBJC_ARC = YES;
				CLANG_ENABLE_OBJC_WEAK = YES;
				CLANG_WARN_BLOCK_CAPTURE_AUTORELEASING = YES;
				CLANG_WARN_BOOL_CONVERSION = YES;
				CLANG_WARN_COMMA = YES;
				CLANG_WARN_CONSTANT_CONVERSION = YES;
				CLANG_WARN_DEPRECATED_OBJC_IMPLEMENTATIONS = YES;
				CLANG_WARN_DIRECT_OBJC_ISA_USAGE = YES_ERROR;
				CLANG_WARN_DOCUMENTATION_COMMENTS = YES;
				CLANG_WARN_EMPTY_BODY = YES;
				CLANG_WARN_ENUM_CONVERSION = YES;
				CLANG_WARN_INFINITE_RECURSION = YES;
				CLANG_WARN_INT_CONVERSION = YES;
				CLANG_WARN_NON_LITERAL_NULL_CONVERSION = YES;
				CLANG_WARN_OBJC_IMPLICIT_RETAIN_SELF = YES;
				CLANG_WARN_OBJC_LITERAL_CONVERSION = YES;
				CLANG_WARN_OBJC_ROOT_CLASS = YES_ERROR;
				CLANG_WARN_QUOTED_INCLUDE_IN_FRAMEWORK_HEADER = YES;
				CLANG_WARN_RANGE_LOOP_ANALYSIS = YES;
				CLANG_WARN_STRICT_PROTOTYPES = YES;
				CLANG_WARN_SUSPICIOUS_MOVE = YES;
				CLANG_WARN_UNGUARDED_AVAILABILITY = YES_AGGRESSIVE;
				CLANG_WARN_UNREACHABLE_CODE = YES;
				CLANG_WARN__DUPLICATE_METHOD_MATCH = YES;
				COPY_PHASE_STRIP = NO;
				DEBUG_INFORMATION_FORMAT = dwarf;
				ENABLE_STRICT_OBJC_MSGSEND = YES;
				ENABLE_TESTABILITY = YES;
				GCC_C_LANGUAGE_STANDARD = gnu11;
				GCC_DYNAMIC_NO_PIC = NO;
				GCC_NO_COMMON_BLOCKS = YES;
				GCC_OPTIMIZATION_LEVEL = 0;
				GCC_PREPROCESSOR_DEFINITIONS = (
					"DEBUG=1",
					"$(inherited)",
				);
				GCC_WARN_64_TO_32_BIT_CONVERSION = YES;
				GCC_WARN_ABOUT_RETURN_TYPE = YES_ERROR;
				GCC_WARN_UNDECLARED_SELECTOR = YES;
				GCC_WARN_UNINITIALIZED_AUTOS = YES_AGGRESSIVE;
				GCC_WARN_UNUSED_FUNCTION = YES;
				GCC_WARN_UNUSED_VARIABLE = YES;
				IPHONEOS_DEPLOYMENT_TARGET = 14.4;
				MTL_ENABLE_DEBUG_INFO = INCLUDE_SOURCE;
				MTL_FAST_MATH = YES;
				ONLY_ACTIVE_ARCH = YES;
				SDKROOT = iphoneos;
				SWIFT_ACTIVE_COMPILATION_CONDITIONS = DEBUG;
				SWIFT_OPTIMIZATION_LEVEL = "-Onone";
			};
			name = Debug;
		};
		20C22B092604393400B67E8C /* Release */ = {
			isa = XCBuildConfiguration;
			buildSettings = {
				ALWAYS_SEARCH_USER_PATHS = NO;
				CLANG_ANALYZER_NONNULL = YES;
				CLANG_ANALYZER_NUMBER_OBJECT_CONVERSION = YES_AGGRESSIVE;
				CLANG_CXX_LANGUAGE_STANDARD = "gnu++14";
				CLANG_CXX_LIBRARY = "libc++";
				CLANG_ENABLE_MODULES = YES;
				CLANG_ENABLE_OBJC_ARC = YES;
				CLANG_ENABLE_OBJC_WEAK = YES;
				CLANG_WARN_BLOCK_CAPTURE_AUTORELEASING = YES;
				CLANG_WARN_BOOL_CONVERSION = YES;
				CLANG_WARN_COMMA = YES;
				CLANG_WARN_CONSTANT_CONVERSION = YES;
				CLANG_WARN_DEPRECATED_OBJC_IMPLEMENTATIONS = YES;
				CLANG_WARN_DIRECT_OBJC_ISA_USAGE = YES_ERROR;
				CLANG_WARN_DOCUMENTATION_COMMENTS = YES;
				CLANG_WARN_EMPTY_BODY = YES;
				CLANG_WARN_ENUM_CONVERSION = YES;
				CLANG_WARN_INFINITE_RECURSION = YES;
				CLANG_WARN_INT_CONVERSION = YES;
				CLANG_WARN_NON_LITERAL_NULL_CONVERSION = YES;
				CLANG_WARN_OBJC_IMPLICIT_RETAIN_SELF = YES;
				CLANG_WARN_OBJC_LITERAL_CONVERSION = YES;
				CLANG_WARN_OBJC_ROOT_CLASS = YES_ERROR;
				CLANG_WARN_QUOTED_INCLUDE_IN_FRAMEWORK_HEADER = YES;
				CLANG_WARN_RANGE_LOOP_ANALYSIS = YES;
				CLANG_WARN_STRICT_PROTOTYPES = YES;
				CLANG_WARN_SUSPICIOUS_MOVE = YES;
				CLANG_WARN_UNGUARDED_AVAILABILITY = YES_AGGRESSIVE;
				CLANG_WARN_UNREACHABLE_CODE = YES;
				CLANG_WARN__DUPLICATE_METHOD_MATCH = YES;
				COPY_PHASE_STRIP = NO;
				DEBUG_INFORMATION_FORMAT = "dwarf-with-dsym";
				ENABLE_NS_ASSERTIONS = NO;
				ENABLE_STRICT_OBJC_MSGSEND = YES;
				GCC_C_LANGUAGE_STANDARD = gnu11;
				GCC_NO_COMMON_BLOCKS = YES;
				GCC_WARN_64_TO_32_BIT_CONVERSION = YES;
				GCC_WARN_ABOUT_RETURN_TYPE = YES_ERROR;
				GCC_WARN_UNDECLARED_SELECTOR = YES;
				GCC_WARN_UNINITIALIZED_AUTOS = YES_AGGRESSIVE;
				GCC_WARN_UNUSED_FUNCTION = YES;
				GCC_WARN_UNUSED_VARIABLE = YES;
				IPHONEOS_DEPLOYMENT_TARGET = 14.4;
				MTL_ENABLE_DEBUG_INFO = NO;
				MTL_FAST_MATH = YES;
				SDKROOT = iphoneos;
				SWIFT_COMPILATION_MODE = wholemodule;
				SWIFT_OPTIMIZATION_LEVEL = "-O";
				VALIDATE_PRODUCT = YES;
			};
			name = Release;
		};
		20C22B0B2604393400B67E8C /* Debug */ = {
			isa = XCBuildConfiguration;
			buildSettings = {
				ASSETCATALOG_COMPILER_APPICON_NAME = AppIcon;
				ASSETCATALOG_COMPILER_GLOBAL_ACCENT_COLOR_NAME = AccentColor;
				CODE_SIGN_STYLE = Automatic;
				DEVELOPMENT_TEAM = G4WR83HBJW;
				INFOPLIST_FILE = "Notes(CFTv4)/Info.plist";
				LD_RUNPATH_SEARCH_PATHS = (
					"$(inherited)",
					"@executable_path/Frameworks",
				);
				PRODUCT_BUNDLE_IDENTIFIER = "ru.starchenkov.Notes-CFTv4-";
				PRODUCT_NAME = "$(TARGET_NAME)";
				SWIFT_VERSION = 5.0;
				TARGETED_DEVICE_FAMILY = 1;
			};
			name = Debug;
		};
		20C22B0C2604393400B67E8C /* Release */ = {
			isa = XCBuildConfiguration;
			buildSettings = {
				ASSETCATALOG_COMPILER_APPICON_NAME = AppIcon;
				ASSETCATALOG_COMPILER_GLOBAL_ACCENT_COLOR_NAME = AccentColor;
				CODE_SIGN_STYLE = Automatic;
				DEVELOPMENT_TEAM = G4WR83HBJW;
				INFOPLIST_FILE = "Notes(CFTv4)/Info.plist";
				LD_RUNPATH_SEARCH_PATHS = (
					"$(inherited)",
					"@executable_path/Frameworks",
				);
				PRODUCT_BUNDLE_IDENTIFIER = "ru.starchenkov.Notes-CFTv4-";
				PRODUCT_NAME = "$(TARGET_NAME)";
				SWIFT_VERSION = 5.0;
				TARGETED_DEVICE_FAMILY = 1;
			};
			name = Release;
		};
/* End XCBuildConfiguration section */

/* Begin XCConfigurationList section */
		20C22AEE2604393300B67E8C /* Build configuration list for PBXProject "Notes(CFTv4)" */ = {
			isa = XCConfigurationList;
			buildConfigurations = (
				20C22B082604393400B67E8C /* Debug */,
				20C22B092604393400B67E8C /* Release */,
			);
			defaultConfigurationIsVisible = 0;
			defaultConfigurationName = Release;
		};
		20C22B0A2604393400B67E8C /* Build configuration list for PBXNativeTarget "Notes(CFTv4)" */ = {
			isa = XCConfigurationList;
			buildConfigurations = (
				20C22B0B2604393400B67E8C /* Debug */,
				20C22B0C2604393400B67E8C /* Release */,
			);
			defaultConfigurationIsVisible = 0;
			defaultConfigurationName = Release;
		};
/* End XCConfigurationList section */

/* Begin XCVersionGroup section */
		20C22AFF2604393300B67E8C /* Note.xcdatamodeld */ = {
			isa = XCVersionGroup;
			children = (
				20C22B002604393300B67E8C /* Notes_CFTv4_.xcdatamodel */,
			);
			currentVersion = 20C22B002604393300B67E8C /* Notes_CFTv4_.xcdatamodel */;
			path = Note.xcdatamodeld;
			sourceTree = "<group>";
			versionGroupType = wrapper.xcdatamodel;
		};
/* End XCVersionGroup section */
	};
	rootObject = 20C22AEB2604393300B67E8C /* Project object */;
}
